// !$*UTF8*$!
{
	archiveVersion = 1;
	classes = {
	};
	objectVersion = 46;
	objects = {

/* Begin PBXBuildFile section */
		37F4108F7C35BBA30882A03C /* libPods-LogicTests.a in Frameworks */ = {isa = PBXBuildFile; fileRef = 7EA99DB8301F4B2F6CD0CA21 /* libPods-LogicTests.a */; };
		469825221A2B7E99008CB47F /* Images.xcassets in Resources */ = {isa = PBXBuildFile; fileRef = 469825211A2B7E99008CB47F /* Images.xcassets */; };
		4698252C1A2B9126008CB47F /* libPods.a in Frameworks */ = {isa = PBXBuildFile; fileRef = 4698252B1A2B9126008CB47F /* libPods.a */; };
		46A19B37155492E000D65BB8 /* UIKit.framework in Frameworks */ = {isa = PBXBuildFile; fileRef = 46A19B36155492E000D65BB8 /* UIKit.framework */; };
		46A19B39155492E000D65BB8 /* Foundation.framework in Frameworks */ = {isa = PBXBuildFile; fileRef = 46A19B38155492E000D65BB8 /* Foundation.framework */; };
		46A19B3B155492E000D65BB8 /* CoreGraphics.framework in Frameworks */ = {isa = PBXBuildFile; fileRef = 46A19B3A155492E000D65BB8 /* CoreGraphics.framework */; };
		46A19B41155492E000D65BB8 /* InfoPlist.strings in Resources */ = {isa = PBXBuildFile; fileRef = 46A19B3F155492E000D65BB8 /* InfoPlist.strings */; };
		46A19B43155492E000D65BB8 /* main.m in Sources */ = {isa = PBXBuildFile; fileRef = 46A19B42155492E000D65BB8 /* main.m */; };
		46A19B47155492E000D65BB8 /* MMAppDelegate.m in Sources */ = {isa = PBXBuildFile; fileRef = 46A19B46155492E000D65BB8 /* MMAppDelegate.m */; };
		46A19B4A155492E000D65BB8 /* MMViewController.m in Sources */ = {isa = PBXBuildFile; fileRef = 46A19B49155492E000D65BB8 /* MMViewController.m */; };
		46A19B6015549B0300D65BB8 /* QuartzCore.framework in Frameworks */ = {isa = PBXBuildFile; fileRef = 46A19B5F15549B0300D65BB8 /* QuartzCore.framework */; };
		46A19B6815549F5200D65BB8 /* 1.png in Resources */ = {isa = PBXBuildFile; fileRef = 46A19B6215549F5200D65BB8 /* 1.png */; };
		46A19B6915549F5200D65BB8 /* 2.png in Resources */ = {isa = PBXBuildFile; fileRef = 46A19B6315549F5200D65BB8 /* 2.png */; };
		46A19B6A15549F5200D65BB8 /* 3.png in Resources */ = {isa = PBXBuildFile; fileRef = 46A19B6415549F5200D65BB8 /* 3.png */; };
		46A19B6B15549F5200D65BB8 /* 4.png in Resources */ = {isa = PBXBuildFile; fileRef = 46A19B6515549F5200D65BB8 /* 4.png */; };
		46A19B6C15549F5200D65BB8 /* 5.png in Resources */ = {isa = PBXBuildFile; fileRef = 46A19B6615549F5200D65BB8 /* 5.png */; };
		46A19B6D15549F5200D65BB8 /* 6.png in Resources */ = {isa = PBXBuildFile; fileRef = 46A19B6715549F5200D65BB8 /* 6.png */; };
		558328B01AE701A0007A7F14 /* MMHudTests.m in Sources */ = {isa = PBXBuildFile; fileRef = 5527AF06159CD97A0037D67D /* MMHudTests.m */; };
		558328B11AE701A4007A7F14 /* MMProgressHUDTests.m in Sources */ = {isa = PBXBuildFile; fileRef = 69DA08D4158261EE000DC29E /* MMProgressHUDTests.m */; };
		55F05932159E39D500A47983 /* QuartzCore.framework in Frameworks */ = {isa = PBXBuildFile; fileRef = 46A19B5F15549B0300D65BB8 /* QuartzCore.framework */; };
		6936CF0215828F6600D931E7 /* CoreGraphics.framework in Frameworks */ = {isa = PBXBuildFile; fileRef = 46A19B3A155492E000D65BB8 /* CoreGraphics.framework */; };
		6936CF06158290D200D931E7 /* CoverageFix.m in Sources */ = {isa = PBXBuildFile; fileRef = 6936CF05158290D100D931E7 /* CoverageFix.m */; };
		69DA08CB158261EE000DC29E /* UIKit.framework in Frameworks */ = {isa = PBXBuildFile; fileRef = 46A19B36155492E000D65BB8 /* UIKit.framework */; };
		69DA08CC158261EE000DC29E /* Foundation.framework in Frameworks */ = {isa = PBXBuildFile; fileRef = 46A19B38155492E000D65BB8 /* Foundation.framework */; };
		69DA08D2158261EE000DC29E /* InfoPlist.strings in Resources */ = {isa = PBXBuildFile; fileRef = 69DA08D0158261EE000DC29E /* InfoPlist.strings */; };
		B14C58C83A883E6328A4E1EE /* libPods.a in Frameworks */ = {isa = PBXBuildFile; fileRef = AE290651A1F3A02650CBA6BC /* libPods.a */; };
/* End PBXBuildFile section */

/* Begin PBXContainerItemProxy section */
		558328B21AE70225007A7F14 /* PBXContainerItemProxy */ = {
			isa = PBXContainerItemProxy;
			containerPortal = 46A19B29155492E000D65BB8 /* Project object */;
			proxyType = 1;
			remoteGlobalIDString = 46A19B31155492E000D65BB8;
			remoteInfo = MMProgressHUDDemo;
		};
/* End PBXContainerItemProxy section */

/* Begin PBXFileReference section */
		469825211A2B7E99008CB47F /* Images.xcassets */ = {isa = PBXFileReference; lastKnownFileType = folder.assetcatalog; name = Images.xcassets; path = MMProgressHUDDemo/Images.xcassets; sourceTree = "<group>"; };
		469825231A2B8938008CB47F /* Default-568h@2x.png */ = {isa = PBXFileReference; lastKnownFileType = image.png; path = "Default-568h@2x.png"; sourceTree = "<group>"; };
		469825251A2B90FA008CB47F /* libPods-GHUnit.a */ = {isa = PBXFileReference; lastKnownFileType = archive.ar; name = "libPods-GHUnit.a"; path = "Pods/build/Debug-iphoneos/libPods-GHUnit.a"; sourceTree = "<group>"; };
		469825271A2B910F008CB47F /* libPods-MMProgressHUD.a */ = {isa = PBXFileReference; lastKnownFileType = archive.ar; name = "libPods-MMProgressHUD.a"; path = "Pods/build/Debug-iphoneos/libPods-MMProgressHUD.a"; sourceTree = "<group>"; };
		469825291A2B9118008CB47F /* libPods.a */ = {isa = PBXFileReference; lastKnownFileType = archive.ar; name = libPods.a; path = "Pods/build/Debug-iphoneos/libPods.a"; sourceTree = "<group>"; };
		4698252B1A2B9126008CB47F /* libPods.a */ = {isa = PBXFileReference; lastKnownFileType = archive.ar; name = libPods.a; path = "Pods/build/Debug-iphoneos/libPods.a"; sourceTree = "<group>"; };
		4698252D1A2B9382008CB47F /* Pods-GHUnitTests.debug.xcconfig */ = {isa = PBXFileReference; lastKnownFileType = text.xcconfig; name = "Pods-GHUnitTests.debug.xcconfig"; path = "Pods/Target Support Files/Pods-GHUnitTests/Pods-GHUnitTests.debug.xcconfig"; sourceTree = "<group>"; };
		4698252E1A2B9382008CB47F /* Pods-GHUnitTests.release.xcconfig */ = {isa = PBXFileReference; lastKnownFileType = text.xcconfig; name = "Pods-GHUnitTests.release.xcconfig"; path = "Pods/Target Support Files/Pods-GHUnitTests/Pods-GHUnitTests.release.xcconfig"; sourceTree = "<group>"; };
		4698252F1A2B938D008CB47F /* Pods-LogicTests.debug.xcconfig */ = {isa = PBXFileReference; lastKnownFileType = text.xcconfig; name = "Pods-LogicTests.debug.xcconfig"; path = "Pods/Target Support Files/Pods-LogicTests/Pods-LogicTests.debug.xcconfig"; sourceTree = "<group>"; };
		469825301A2B938D008CB47F /* Pods-LogicTests.release.xcconfig */ = {isa = PBXFileReference; lastKnownFileType = text.xcconfig; name = "Pods-LogicTests.release.xcconfig"; path = "Pods/Target Support Files/Pods-LogicTests/Pods-LogicTests.release.xcconfig"; sourceTree = "<group>"; };
		46A19B32155492E000D65BB8 /* MMProgressHUDDemo.app */ = {isa = PBXFileReference; explicitFileType = wrapper.application; includeInIndex = 0; path = MMProgressHUDDemo.app; sourceTree = BUILT_PRODUCTS_DIR; };
		46A19B36155492E000D65BB8 /* UIKit.framework */ = {isa = PBXFileReference; lastKnownFileType = wrapper.framework; name = UIKit.framework; path = System/Library/Frameworks/UIKit.framework; sourceTree = SDKROOT; };
		46A19B38155492E000D65BB8 /* Foundation.framework */ = {isa = PBXFileReference; lastKnownFileType = wrapper.framework; name = Foundation.framework; path = System/Library/Frameworks/Foundation.framework; sourceTree = SDKROOT; };
		46A19B3A155492E000D65BB8 /* CoreGraphics.framework */ = {isa = PBXFileReference; lastKnownFileType = wrapper.framework; name = CoreGraphics.framework; path = System/Library/Frameworks/CoreGraphics.framework; sourceTree = SDKROOT; };
		46A19B3E155492E000D65BB8 /* MMProgressHUDDemo-Info.plist */ = {isa = PBXFileReference; lastKnownFileType = text.plist.xml; path = "MMProgressHUDDemo-Info.plist"; sourceTree = "<group>"; };
		46A19B40155492E000D65BB8 /* en */ = {isa = PBXFileReference; lastKnownFileType = text.plist.strings; name = en; path = en.lproj/InfoPlist.strings; sourceTree = "<group>"; };
		46A19B42155492E000D65BB8 /* main.m */ = {isa = PBXFileReference; lastKnownFileType = sourcecode.c.objc; path = main.m; sourceTree = "<group>"; };
		46A19B44155492E000D65BB8 /* MMProgressHUDDemo-Prefix.pch */ = {isa = PBXFileReference; lastKnownFileType = sourcecode.c.h; path = "MMProgressHUDDemo-Prefix.pch"; sourceTree = "<group>"; };
		46A19B45155492E000D65BB8 /* MMAppDelegate.h */ = {isa = PBXFileReference; lastKnownFileType = sourcecode.c.h; path = MMAppDelegate.h; sourceTree = "<group>"; };
		46A19B46155492E000D65BB8 /* MMAppDelegate.m */ = {isa = PBXFileReference; lastKnownFileType = sourcecode.c.objc; path = MMAppDelegate.m; sourceTree = "<group>"; };
		46A19B48155492E000D65BB8 /* MMViewController.h */ = {isa = PBXFileReference; lastKnownFileType = sourcecode.c.h; path = MMViewController.h; sourceTree = "<group>"; };
		46A19B49155492E000D65BB8 /* MMViewController.m */ = {isa = PBXFileReference; lastKnownFileType = sourcecode.c.objc; path = MMViewController.m; sourceTree = "<group>"; };
		46A19B5F15549B0300D65BB8 /* QuartzCore.framework */ = {isa = PBXFileReference; lastKnownFileType = wrapper.framework; name = QuartzCore.framework; path = System/Library/Frameworks/QuartzCore.framework; sourceTree = SDKROOT; };
		46A19B6215549F5200D65BB8 /* 1.png */ = {isa = PBXFileReference; lastKnownFileType = image.png; path = 1.png; sourceTree = "<group>"; };
		46A19B6315549F5200D65BB8 /* 2.png */ = {isa = PBXFileReference; lastKnownFileType = image.png; path = 2.png; sourceTree = "<group>"; };
		46A19B6415549F5200D65BB8 /* 3.png */ = {isa = PBXFileReference; lastKnownFileType = image.png; path = 3.png; sourceTree = "<group>"; };
		46A19B6515549F5200D65BB8 /* 4.png */ = {isa = PBXFileReference; lastKnownFileType = image.png; path = 4.png; sourceTree = "<group>"; };
		46A19B6615549F5200D65BB8 /* 5.png */ = {isa = PBXFileReference; lastKnownFileType = image.png; path = 5.png; sourceTree = "<group>"; };
		46A19B6715549F5200D65BB8 /* 6.png */ = {isa = PBXFileReference; lastKnownFileType = image.png; path = 6.png; sourceTree = "<group>"; };
		47F9AB02330BDD9E11E21AEB /* Pods.debug.xcconfig */ = {isa = PBXFileReference; includeInIndex = 1; lastKnownFileType = text.xcconfig; name = Pods.debug.xcconfig; path = "Pods/Target Support Files/Pods/Pods.debug.xcconfig"; sourceTree = "<group>"; };
		5527AEF4159CD18E0037D67D /* MMProgressHUDPrivate.h */ = {isa = PBXFileReference; fileEncoding = 4; lastKnownFileType = sourcecode.c.h; name = MMProgressHUDPrivate.h; path = ../MMProgressHUDDemo/MMProgressHUDPrivate.h; sourceTree = "<group>"; };
		5527AF06159CD97A0037D67D /* MMHudTests.m */ = {isa = PBXFileReference; fileEncoding = 4; lastKnownFileType = sourcecode.c.objc; path = MMHudTests.m; sourceTree = "<group>"; };
		6936CF04158290D100D931E7 /* CoverageFix.h */ = {isa = PBXFileReference; fileEncoding = 4; lastKnownFileType = sourcecode.c.h; path = CoverageFix.h; sourceTree = SOURCE_ROOT; };
		6936CF05158290D100D931E7 /* CoverageFix.m */ = {isa = PBXFileReference; fileEncoding = 4; lastKnownFileType = sourcecode.c.objc; path = CoverageFix.m; sourceTree = SOURCE_ROOT; };
		69DA08C8158261EE000DC29E /* LogicTests.xctest */ = {isa = PBXFileReference; explicitFileType = wrapper.cfbundle; includeInIndex = 0; path = LogicTests.xctest; sourceTree = BUILT_PRODUCTS_DIR; };
		69DA08C9158261EE000DC29E /* SenTestingKit.framework */ = {isa = PBXFileReference; lastKnownFileType = wrapper.framework; name = SenTestingKit.framework; path = Library/Frameworks/SenTestingKit.framework; sourceTree = DEVELOPER_DIR; };
		69DA08CF158261EE000DC29E /* LogicTests-Info.plist */ = {isa = PBXFileReference; lastKnownFileType = text.plist.xml; path = "LogicTests-Info.plist"; sourceTree = "<group>"; };
		69DA08D1158261EE000DC29E /* en */ = {isa = PBXFileReference; lastKnownFileType = text.plist.strings; name = en; path = en.lproj/InfoPlist.strings; sourceTree = "<group>"; };
		69DA08D4158261EE000DC29E /* MMProgressHUDTests.m */ = {isa = PBXFileReference; lastKnownFileType = sourcecode.c.objc; path = MMProgressHUDTests.m; sourceTree = "<group>"; };
		69DA08D6158261EE000DC29E /* LogicTests-Prefix.pch */ = {isa = PBXFileReference; lastKnownFileType = sourcecode.c.h; path = "LogicTests-Prefix.pch"; sourceTree = "<group>"; };
		7EA99DB8301F4B2F6CD0CA21 /* libPods-LogicTests.a */ = {isa = PBXFileReference; explicitFileType = archive.ar; includeInIndex = 0; path = "libPods-LogicTests.a"; sourceTree = BUILT_PRODUCTS_DIR; };
		AE290651A1F3A02650CBA6BC /* libPods.a */ = {isa = PBXFileReference; explicitFileType = archive.ar; includeInIndex = 0; path = libPods.a; sourceTree = BUILT_PRODUCTS_DIR; };
		C55A180B3C44D2AFE7AA9670 /* libPods-GHUnitTests.a */ = {isa = PBXFileReference; explicitFileType = archive.ar; includeInIndex = 0; path = "libPods-GHUnitTests.a"; sourceTree = BUILT_PRODUCTS_DIR; };
		D33E054C609C1C6ABB1F18C6 /* Pods.release.xcconfig */ = {isa = PBXFileReference; includeInIndex = 1; lastKnownFileType = text.xcconfig; name = Pods.release.xcconfig; path = "Pods/Target Support Files/Pods/Pods.release.xcconfig"; sourceTree = "<group>"; };
/* End PBXFileReference section */

/* Begin PBXFrameworksBuildPhase section */
		46A19B2F155492E000D65BB8 /* Frameworks */ = {
			isa = PBXFrameworksBuildPhase;
			buildActionMask = 2147483647;
			files = (
				46A19B6015549B0300D65BB8 /* QuartzCore.framework in Frameworks */,
				46A19B37155492E000D65BB8 /* UIKit.framework in Frameworks */,
				46A19B39155492E000D65BB8 /* Foundation.framework in Frameworks */,
				46A19B3B155492E000D65BB8 /* CoreGraphics.framework in Frameworks */,
				B14C58C83A883E6328A4E1EE /* libPods.a in Frameworks */,
			);
			runOnlyForDeploymentPostprocessing = 0;
		};
		69DA08C4158261EE000DC29E /* Frameworks */ = {
			isa = PBXFrameworksBuildPhase;
			buildActionMask = 2147483647;
			files = (
				4698252C1A2B9126008CB47F /* libPods.a in Frameworks */,
				69DA08CB158261EE000DC29E /* UIKit.framework in Frameworks */,
				69DA08CC158261EE000DC29E /* Foundation.framework in Frameworks */,
				6936CF0215828F6600D931E7 /* CoreGraphics.framework in Frameworks */,
				55F05932159E39D500A47983 /* QuartzCore.framework in Frameworks */,
				37F4108F7C35BBA30882A03C /* libPods-LogicTests.a in Frameworks */,
			);
			runOnlyForDeploymentPostprocessing = 0;
		};
/* End PBXFrameworksBuildPhase section */

/* Begin PBXGroup section */
		17C22226D35084281A6CA8AB /* Pods */ = {
			isa = PBXGroup;
			children = (
				47F9AB02330BDD9E11E21AEB /* Pods.debug.xcconfig */,
				D33E054C609C1C6ABB1F18C6 /* Pods.release.xcconfig */,
				4698252D1A2B9382008CB47F /* Pods-GHUnitTests.debug.xcconfig */,
				4698252E1A2B9382008CB47F /* Pods-GHUnitTests.release.xcconfig */,
				4698252F1A2B938D008CB47F /* Pods-LogicTests.debug.xcconfig */,
				469825301A2B938D008CB47F /* Pods-LogicTests.release.xcconfig */,
			);
			name = Pods;
			sourceTree = "<group>";
		};
		4698251F1A2B7E46008CB47F /* Resources */ = {
			isa = PBXGroup;
			children = (
				469825211A2B7E99008CB47F /* Images.xcassets */,
				46A19B6115549F5200D65BB8 /* Images */,
			);
			name = Resources;
			sourceTree = "<group>";
		};
		46A19B27155492E000D65BB8 = {
			isa = PBXGroup;
			children = (
				469825231A2B8938008CB47F /* Default-568h@2x.png */,
				4698251F1A2B7E46008CB47F /* Resources */,
				46A19B3C155492E000D65BB8 /* MMProgressHUDDemo */,
				69DA08CD158261EE000DC29E /* LogicTests */,
				46A19B35155492E000D65BB8 /* Frameworks */,
				46A19B33155492E000D65BB8 /* Products */,
				17C22226D35084281A6CA8AB /* Pods */,
			);
			sourceTree = "<group>";
		};
		46A19B33155492E000D65BB8 /* Products */ = {
			isa = PBXGroup;
			children = (
				46A19B32155492E000D65BB8 /* MMProgressHUDDemo.app */,
				69DA08C8158261EE000DC29E /* LogicTests.xctest */,
			);
			name = Products;
			sourceTree = "<group>";
		};
		46A19B35155492E000D65BB8 /* Frameworks */ = {
			isa = PBXGroup;
			children = (
				4698252B1A2B9126008CB47F /* libPods.a */,
				469825291A2B9118008CB47F /* libPods.a */,
				469825271A2B910F008CB47F /* libPods-MMProgressHUD.a */,
				469825251A2B90FA008CB47F /* libPods-GHUnit.a */,
				46A19B3A155492E000D65BB8 /* CoreGraphics.framework */,
				46A19B38155492E000D65BB8 /* Foundation.framework */,
				46A19B5F15549B0300D65BB8 /* QuartzCore.framework */,
				69DA08C9158261EE000DC29E /* SenTestingKit.framework */,
				46A19B36155492E000D65BB8 /* UIKit.framework */,
				AE290651A1F3A02650CBA6BC /* libPods.a */,
				C55A180B3C44D2AFE7AA9670 /* libPods-GHUnitTests.a */,
				7EA99DB8301F4B2F6CD0CA21 /* libPods-LogicTests.a */,
			);
			name = Frameworks;
			sourceTree = "<group>";
		};
		46A19B3C155492E000D65BB8 /* MMProgressHUDDemo */ = {
			isa = PBXGroup;
			children = (
				46A19B45155492E000D65BB8 /* MMAppDelegate.h */,
				46A19B46155492E000D65BB8 /* MMAppDelegate.m */,
				46A19B48155492E000D65BB8 /* MMViewController.h */,
				46A19B49155492E000D65BB8 /* MMViewController.m */,
				46A19B3D155492E000D65BB8 /* Supporting Files */,
			);
			path = MMProgressHUDDemo;
			sourceTree = "<group>";
		};
		46A19B3D155492E000D65BB8 /* Supporting Files */ = {
			isa = PBXGroup;
			children = (
				46A19B3E155492E000D65BB8 /* MMProgressHUDDemo-Info.plist */,
				46A19B3F155492E000D65BB8 /* InfoPlist.strings */,
				46A19B42155492E000D65BB8 /* main.m */,
				46A19B44155492E000D65BB8 /* MMProgressHUDDemo-Prefix.pch */,
			);
			name = "Supporting Files";
			sourceTree = "<group>";
		};
		46A19B6115549F5200D65BB8 /* Images */ = {
			isa = PBXGroup;
			children = (
				46A19B6215549F5200D65BB8 /* 1.png */,
				46A19B6315549F5200D65BB8 /* 2.png */,
				46A19B6415549F5200D65BB8 /* 3.png */,
				46A19B6515549F5200D65BB8 /* 4.png */,
				46A19B6615549F5200D65BB8 /* 5.png */,
				46A19B6715549F5200D65BB8 /* 6.png */,
			);
			name = Images;
			path = "Run Cycle 1";
			sourceTree = "<group>";
		};
		69DA08CD158261EE000DC29E /* LogicTests */ = {
			isa = PBXGroup;
			children = (
				5527AEF4159CD18E0037D67D /* MMProgressHUDPrivate.h */,
				6936CF04158290D100D931E7 /* CoverageFix.h */,
				6936CF05158290D100D931E7 /* CoverageFix.m */,
				69DA08D4158261EE000DC29E /* MMProgressHUDTests.m */,
				5527AF06159CD97A0037D67D /* MMHudTests.m */,
				69DA08CE158261EE000DC29E /* Supporting Files */,
			);
			path = LogicTests;
			sourceTree = "<group>";
		};
		69DA08CE158261EE000DC29E /* Supporting Files */ = {
			isa = PBXGroup;
			children = (
				69DA08CF158261EE000DC29E /* LogicTests-Info.plist */,
				69DA08D0158261EE000DC29E /* InfoPlist.strings */,
				69DA08D6158261EE000DC29E /* LogicTests-Prefix.pch */,
			);
			name = "Supporting Files";
			sourceTree = "<group>";
		};
/* End PBXGroup section */

/* Begin PBXNativeTarget section */
		46A19B31155492E000D65BB8 /* MMProgressHUDDemo */ = {
			isa = PBXNativeTarget;
			buildConfigurationList = 46A19B53155492E000D65BB8 /* Build configuration list for PBXNativeTarget "MMProgressHUDDemo" */;
			buildPhases = (
				9A540F18781BB7E47DFA93FC /* Check Pods Manifest.lock */,
				46A19B2E155492E000D65BB8 /* Sources */,
				46A19B2F155492E000D65BB8 /* Frameworks */,
				46A19B30155492E000D65BB8 /* Resources */,
				46A19B731554BE8C00D65BB8 /* ShellScript */,
				1EB94D9ABF511CDE0BF147A3 /* Copy Pods Resources */,
			);
			buildRules = (
			);
			dependencies = (
			);
			name = MMProgressHUDDemo;
			productName = MMProgressHUDDemo;
			productReference = 46A19B32155492E000D65BB8 /* MMProgressHUDDemo.app */;
			productType = "com.apple.product-type.application";
		};
		69DA08C7158261EE000DC29E /* LogicTests */ = {
			isa = PBXNativeTarget;
			buildConfigurationList = 69DA08D9158261EE000DC29E /* Build configuration list for PBXNativeTarget "LogicTests" */;
			buildPhases = (
				1522BA581100D9C229AA4149 /* Check Pods Manifest.lock */,
				69DA08C3158261EE000DC29E /* Sources */,
				69DA08C4158261EE000DC29E /* Frameworks */,
				69DA08C5158261EE000DC29E /* Resources */,
				81445B9F2CEBFE8914AB4D50 /* Copy Pods Resources */,
			);
			buildRules = (
			);
			dependencies = (
				558328B31AE70225007A7F14 /* PBXTargetDependency */,
			);
			name = LogicTests;
			productName = LogicTests;
			productReference = 69DA08C8158261EE000DC29E /* LogicTests.xctest */;
			productType = "com.apple.product-type.bundle.unit-test";
		};
/* End PBXNativeTarget section */

/* Begin PBXProject section */
		46A19B29155492E000D65BB8 /* Project object */ = {
			isa = PBXProject;
			attributes = {
				CLASSPREFIX = MM;
				LastTestingUpgradeCheck = 0610;
				LastUpgradeCheck = 0700;
				ORGANIZATIONNAME = "Mutual Mobile";
				TargetAttributes = {
					69DA08C7158261EE000DC29E = {
						TestTargetID = 46A19B31155492E000D65BB8;
					};
				};
			};
			buildConfigurationList = 46A19B2C155492E000D65BB8 /* Build configuration list for PBXProject "MMProgressHUDDemo" */;
			compatibilityVersion = "Xcode 3.2";
			developmentRegion = English;
			hasScannedForEncodings = 0;
			knownRegions = (
				en,
			);
			mainGroup = 46A19B27155492E000D65BB8;
			productRefGroup = 46A19B33155492E000D65BB8 /* Products */;
			projectDirPath = "";
			projectRoot = "";
			targets = (
				46A19B31155492E000D65BB8 /* MMProgressHUDDemo */,
				69DA08C7158261EE000DC29E /* LogicTests */,
			);
		};
/* End PBXProject section */

/* Begin PBXResourcesBuildPhase section */
		46A19B30155492E000D65BB8 /* Resources */ = {
			isa = PBXResourcesBuildPhase;
			buildActionMask = 2147483647;
			files = (
				469825221A2B7E99008CB47F /* Images.xcassets in Resources */,
				46A19B41155492E000D65BB8 /* InfoPlist.strings in Resources */,
				46A19B6815549F5200D65BB8 /* 1.png in Resources */,
				46A19B6915549F5200D65BB8 /* 2.png in Resources */,
				46A19B6A15549F5200D65BB8 /* 3.png in Resources */,
				46A19B6B15549F5200D65BB8 /* 4.png in Resources */,
				46A19B6C15549F5200D65BB8 /* 5.png in Resources */,
				46A19B6D15549F5200D65BB8 /* 6.png in Resources */,
			);
			runOnlyForDeploymentPostprocessing = 0;
		};
		69DA08C5158261EE000DC29E /* Resources */ = {
			isa = PBXResourcesBuildPhase;
			buildActionMask = 2147483647;
			files = (
				69DA08D2158261EE000DC29E /* InfoPlist.strings in Resources */,
			);
			runOnlyForDeploymentPostprocessing = 0;
		};
/* End PBXResourcesBuildPhase section */

/* Begin PBXShellScriptBuildPhase section */
		1522BA581100D9C229AA4149 /* Check Pods Manifest.lock */ = {
			isa = PBXShellScriptBuildPhase;
			buildActionMask = 2147483647;
			files = (
			);
			inputPaths = (
			);
			name = "Check Pods Manifest.lock";
			outputPaths = (
			);
			runOnlyForDeploymentPostprocessing = 0;
			shellPath = /bin/sh;
			shellScript = "diff \"${PODS_ROOT}/../Podfile.lock\" \"${PODS_ROOT}/Manifest.lock\" > /dev/null\nif [[ $? != 0 ]] ; then\n    cat << EOM\nerror: The sandbox is not in sync with the Podfile.lock. Run 'pod install' or update your CocoaPods installation.\nEOM\n    exit 1\nfi\n";
			showEnvVarsInLog = 0;
		};
		1EB94D9ABF511CDE0BF147A3 /* Copy Pods Resources */ = {
			isa = PBXShellScriptBuildPhase;
			buildActionMask = 2147483647;
			files = (
			);
			inputPaths = (
			);
			name = "Copy Pods Resources";
			outputPaths = (
			);
			runOnlyForDeploymentPostprocessing = 0;
			shellPath = /bin/sh;
			shellScript = "\"${SRCROOT}/Pods/Target Support Files/Pods/Pods-resources.sh\"\n";
			showEnvVarsInLog = 0;
		};
		46A19B731554BE8C00D65BB8 /* ShellScript */ = {
			isa = PBXShellScriptBuildPhase;
			buildActionMask = 2147483647;
			files = (
			);
			inputPaths = (
			);
			outputPaths = (
			);
			runOnlyForDeploymentPostprocessing = 0;
			shellPath = /bin/sh;
			shellScript = "KEYWORDS=\"TODO:|FIXME:|\\?\\?\\?:|\\!\\!\\!:\"\nfind \"${SRCROOT}/..\" \\( -name \"*.h\" -or -name \"*.m\" \\) -print0 | xargs -0 egrep --with-filename --line-number --only-matching \"($KEYWORDS).*\\$\" | perl -p -e \"s/($KEYWORDS)/ warning: \\$1/\"";
		};
		81445B9F2CEBFE8914AB4D50 /* Copy Pods Resources */ = {
			isa = PBXShellScriptBuildPhase;
			buildActionMask = 2147483647;
			files = (
			);
			inputPaths = (
			);
			name = "Copy Pods Resources";
			outputPaths = (
			);
			runOnlyForDeploymentPostprocessing = 0;
			shellPath = /bin/sh;
			shellScript = "\"${SRCROOT}/Pods/Target Support Files/Pods-LogicTests/Pods-LogicTests-resources.sh\"\n";
			showEnvVarsInLog = 0;
		};
		9A540F18781BB7E47DFA93FC /* Check Pods Manifest.lock */ = {
			isa = PBXShellScriptBuildPhase;
			buildActionMask = 2147483647;
			files = (
			);
			inputPaths = (
			);
			name = "Check Pods Manifest.lock";
			outputPaths = (
			);
			runOnlyForDeploymentPostprocessing = 0;
			shellPath = /bin/sh;
			shellScript = "diff \"${PODS_ROOT}/../Podfile.lock\" \"${PODS_ROOT}/Manifest.lock\" > /dev/null\nif [[ $? != 0 ]] ; then\n    cat << EOM\nerror: The sandbox is not in sync with the Podfile.lock. Run 'pod install' or update your CocoaPods installation.\nEOM\n    exit 1\nfi\n";
			showEnvVarsInLog = 0;
		};
/* End PBXShellScriptBuildPhase section */

/* Begin PBXSourcesBuildPhase section */
		46A19B2E155492E000D65BB8 /* Sources */ = {
			isa = PBXSourcesBuildPhase;
			buildActionMask = 2147483647;
			files = (
				46A19B43155492E000D65BB8 /* main.m in Sources */,
				46A19B47155492E000D65BB8 /* MMAppDelegate.m in Sources */,
				46A19B4A155492E000D65BB8 /* MMViewController.m in Sources */,
			);
			runOnlyForDeploymentPostprocessing = 0;
		};
		69DA08C3158261EE000DC29E /* Sources */ = {
			isa = PBXSourcesBuildPhase;
			buildActionMask = 2147483647;
			files = (
				6936CF06158290D200D931E7 /* CoverageFix.m in Sources */,
				558328B01AE701A0007A7F14 /* MMHudTests.m in Sources */,
				558328B11AE701A4007A7F14 /* MMProgressHUDTests.m in Sources */,
			);
			runOnlyForDeploymentPostprocessing = 0;
		};
/* End PBXSourcesBuildPhase section */

/* Begin PBXTargetDependency section */
		558328B31AE70225007A7F14 /* PBXTargetDependency */ = {
			isa = PBXTargetDependency;
			target = 46A19B31155492E000D65BB8 /* MMProgressHUDDemo */;
			targetProxy = 558328B21AE70225007A7F14 /* PBXContainerItemProxy */;
		};
/* End PBXTargetDependency section */

/* Begin PBXVariantGroup section */
		46A19B3F155492E000D65BB8 /* InfoPlist.strings */ = {
			isa = PBXVariantGroup;
			children = (
				46A19B40155492E000D65BB8 /* en */,
			);
			name = InfoPlist.strings;
			sourceTree = "<group>";
		};
		69DA08D0158261EE000DC29E /* InfoPlist.strings */ = {
			isa = PBXVariantGroup;
			children = (
				69DA08D1158261EE000DC29E /* en */,
			);
			name = InfoPlist.strings;
			sourceTree = "<group>";
		};
/* End PBXVariantGroup section */

/* Begin XCBuildConfiguration section */
		46A19B51155492E000D65BB8 /* Debug */ = {
			isa = XCBuildConfiguration;
			buildSettings = {
				ALWAYS_SEARCH_USER_PATHS = YES;
				CLANG_ENABLE_MODULES = YES;
				CLANG_ENABLE_OBJC_ARC = YES;
				CLANG_WARN_BOOL_CONVERSION = YES;
				CLANG_WARN_CONSTANT_CONVERSION = YES;
				CLANG_WARN_EMPTY_BODY = YES;
				CLANG_WARN_ENUM_CONVERSION = YES;
				CLANG_WARN_INT_CONVERSION = YES;
				CLANG_WARN_OBJC_MISSING_PROPERTY_SYNTHESIS = YES;
				CLANG_WARN_UNREACHABLE_CODE = YES;
				CLANG_WARN__DUPLICATE_METHOD_MATCH = YES;
				"CODE_SIGN_IDENTITY[sdk=iphoneos*]" = "iPhone Developer";
				COPY_PHASE_STRIP = NO;
				ENABLE_STRICT_OBJC_MSGSEND = YES;
				ENABLE_TESTABILITY = YES;
				GCC_C_LANGUAGE_STANDARD = "compiler-default";
				GCC_DYNAMIC_NO_PIC = NO;
				GCC_OPTIMIZATION_LEVEL = 0;
				GCC_PREPROCESSOR_DEFINITIONS = (
					"DEBUG=1",
					"$(inherited)",
				);
				GCC_SYMBOLS_PRIVATE_EXTERN = NO;
				GCC_VERSION = "";
				GCC_WARN_64_TO_32_BIT_CONVERSION = YES;
				GCC_WARN_ABOUT_RETURN_TYPE = YES;
				GCC_WARN_UNDECLARED_SELECTOR = YES;
				GCC_WARN_UNINITIALIZED_AUTOS = YES;
				GCC_WARN_UNUSED_FUNCTION = YES;
				GCC_WARN_UNUSED_VARIABLE = YES;
				IPHONEOS_DEPLOYMENT_TARGET = 7.0;
				ONLY_ACTIVE_ARCH = YES;
				OTHER_LDFLAGS = "";
				RUN_CLANG_STATIC_ANALYZER = YES;
				SDKROOT = iphoneos;
				TARGETED_DEVICE_FAMILY = "1,2";
			};
			name = Debug;
		};
		46A19B52155492E000D65BB8 /* Release */ = {
			isa = XCBuildConfiguration;
			buildSettings = {
				ALWAYS_SEARCH_USER_PATHS = YES;
				CLANG_ENABLE_MODULES = YES;
				CLANG_ENABLE_OBJC_ARC = YES;
				CLANG_WARN_BOOL_CONVERSION = YES;
				CLANG_WARN_CONSTANT_CONVERSION = YES;
				CLANG_WARN_EMPTY_BODY = YES;
				CLANG_WARN_ENUM_CONVERSION = YES;
				CLANG_WARN_INT_CONVERSION = YES;
				CLANG_WARN_OBJC_MISSING_PROPERTY_SYNTHESIS = YES;
				CLANG_WARN_UNREACHABLE_CODE = YES;
				CLANG_WARN__DUPLICATE_METHOD_MATCH = YES;
				"CODE_SIGN_IDENTITY[sdk=iphoneos*]" = "iPhone Developer";
				COPY_PHASE_STRIP = YES;
				ENABLE_STRICT_OBJC_MSGSEND = YES;
				GCC_C_LANGUAGE_STANDARD = "compiler-default";
				GCC_VERSION = "";
				GCC_WARN_64_TO_32_BIT_CONVERSION = YES;
				GCC_WARN_ABOUT_RETURN_TYPE = YES;
				GCC_WARN_UNDECLARED_SELECTOR = YES;
				GCC_WARN_UNINITIALIZED_AUTOS = YES;
				GCC_WARN_UNUSED_FUNCTION = YES;
				GCC_WARN_UNUSED_VARIABLE = YES;
				IPHONEOS_DEPLOYMENT_TARGET = 7.0;
				OTHER_CFLAGS = "-DNS_BLOCK_ASSERTIONS=1";
				OTHER_LDFLAGS = "";
				RUN_CLANG_STATIC_ANALYZER = YES;
				SDKROOT = iphoneos;
				TARGETED_DEVICE_FAMILY = "1,2";
				VALIDATE_PRODUCT = YES;
			};
			name = Release;
		};
		46A19B54155492E000D65BB8 /* Debug */ = {
			isa = XCBuildConfiguration;
			baseConfigurationReference = 47F9AB02330BDD9E11E21AEB /* Pods.debug.xcconfig */;
			buildSettings = {
				ASSETCATALOG_COMPILER_APPICON_NAME = AppIcon;
				ASSETCATALOG_COMPILER_LAUNCHIMAGE_NAME = LaunchImage;
				CLANG_ENABLE_OBJC_ARC = YES;
				CLANG_WARN_DOCUMENTATION_COMMENTS = YES;
				CLANG_WARN_OBJC_IMPLICIT_RETAIN_SELF = YES;
				CLANG_WARN_OBJC_MISSING_PROPERTY_SYNTHESIS = NO;
				CLANG_WARN_OBJC_REPEATED_USE_OF_WEAK = YES;
				CODE_SIGN_IDENTITY = "iPhone Developer";
				FRAMEWORK_SEARCH_PATHS = "$(inherited)";
				GCC_PRECOMPILE_PREFIX_HEADER = YES;
				GCC_PREFIX_HEADER = "MMProgressHUDDemo/MMProgressHUDDemo-Prefix.pch";
				GCC_VERSION = "";
				INFOPLIST_FILE = "MMProgressHUDDemo/MMProgressHUDDemo-Info.plist";
				IPHONEOS_DEPLOYMENT_TARGET = 7.0;
				OTHER_LDFLAGS = "$(inherited)";
				PRODUCT_BUNDLE_IDENTIFIER = "com.mutualmobile.${PRODUCT_NAME:rfc1034identifier}";
				PRODUCT_NAME = "$(TARGET_NAME)";
				PROVISIONING_PROFILE = "";
				VALID_ARCHS = "$(ARCHS_STANDARD)";
				WARNING_CFLAGS = (
					"-Wall",
					"-Wextra",
					"-Wobjc-interface-ivars",
					"-Wunused-macros",
					"-Wunreachable-code",
					"-Wimplicit-retain-self",
					"-Wno-unused-parameter",
					"-Wdeprecated-declarations",
				);
				WRAPPER_EXTENSION = app;
			};
			name = Debug;
		};
		46A19B55155492E000D65BB8 /* Release */ = {
			isa = XCBuildConfiguration;
			baseConfigurationReference = D33E054C609C1C6ABB1F18C6 /* Pods.release.xcconfig */;
			buildSettings = {
				ASSETCATALOG_COMPILER_APPICON_NAME = AppIcon;
				ASSETCATALOG_COMPILER_LAUNCHIMAGE_NAME = LaunchImage;
				CLANG_ENABLE_OBJC_ARC = YES;
				CLANG_WARN_DOCUMENTATION_COMMENTS = YES;
				CLANG_WARN_OBJC_IMPLICIT_RETAIN_SELF = YES;
				CLANG_WARN_OBJC_MISSING_PROPERTY_SYNTHESIS = NO;
				CLANG_WARN_OBJC_REPEATED_USE_OF_WEAK = YES;
				CODE_SIGN_IDENTITY = "iPhone Developer";
				FRAMEWORK_SEARCH_PATHS = "$(inherited)";
				GCC_PRECOMPILE_PREFIX_HEADER = YES;
				GCC_PREFIX_HEADER = "MMProgressHUDDemo/MMProgressHUDDemo-Prefix.pch";
				GCC_VERSION = "";
				INFOPLIST_FILE = "MMProgressHUDDemo/MMProgressHUDDemo-Info.plist";
				IPHONEOS_DEPLOYMENT_TARGET = 7.0;
				OTHER_LDFLAGS = "$(inherited)";
				PRODUCT_BUNDLE_IDENTIFIER = "com.mutualmobile.${PRODUCT_NAME:rfc1034identifier}";
				PRODUCT_NAME = "$(TARGET_NAME)";
				PROVISIONING_PROFILE = "";
				VALID_ARCHS = "$(ARCHS_STANDARD)";
				WARNING_CFLAGS = (
					"-Wall",
					"-Wextra",
					"-Wobjc-interface-ivars",
					"-Wunused-macros",
					"-Wunreachable-code",
					"-Wimplicit-retain-self",
					"-Wno-unused-parameter",
					"-Wdeprecated-declarations",
				);
				WRAPPER_EXTENSION = app;
			};
			name = Release;
		};
		69DA08D7158261EE000DC29E /* Debug */ = {
			isa = XCBuildConfiguration;
			baseConfigurationReference = 4698252F1A2B938D008CB47F /* Pods-LogicTests.debug.xcconfig */;
			buildSettings = {
				CLANG_ENABLE_MODULES = YES;
				CLANG_ENABLE_OBJC_ARC = YES;
				CLANG_WARN_OBJC_MISSING_PROPERTY_SYNTHESIS = NO;
				"CODE_SIGN_IDENTITY[sdk=iphoneos*]" = "";
				FRAMEWORK_SEARCH_PATHS = (
					"$(inherited)",
					"$(PLATFORM_DIR)/Developer/Library/Frameworks",
				);
				GCC_GENERATE_TEST_COVERAGE_FILES = NO;
				GCC_INSTRUMENT_PROGRAM_FLOW_ARCS = YES;
				GCC_PRECOMPILE_PREFIX_HEADER = YES;
				GCC_PREFIX_HEADER = "LogicTests/LogicTests-Prefix.pch";
				HEADER_SEARCH_PATHS = "$(inherited)/**";
				INFOPLIST_FILE = "LogicTests/LogicTests-Info.plist";
				IPHONEOS_DEPLOYMENT_TARGET = 7.0;
				LD_RUNPATH_SEARCH_PATHS = "$(inherited)";
				LIBRARY_SEARCH_PATHS = (
					"$(inherited)",
					"$(PROJECT_DIR)/Pods/build/Debug-iphoneos",
				);
				OTHER_LDFLAGS = "$(inherited)";
				PRODUCT_BUNDLE_IDENTIFIER = "com.mutualmobile.${PRODUCT_NAME:rfc1034identifier}";
				PRODUCT_NAME = "$(TARGET_NAME)";
				TEST_HOST = "$(BUILT_PRODUCTS_DIR)/MMProgressHUDDemo.app/MMProgressHUDDemo";
				VALID_ARCHS = "$(ARCHS_STANDARD)";
			};
			name = Debug;
		};
		69DA08D8158261EE000DC29E /* Release */ = {
			isa = XCBuildConfiguration;
			baseConfigurationReference = 469825301A2B938D008CB47F /* Pods-LogicTests.release.xcconfig */;
			buildSettings = {
				CLANG_ENABLE_MODULES = YES;
				CLANG_ENABLE_OBJC_ARC = YES;
				CLANG_WARN_OBJC_MISSING_PROPERTY_SYNTHESIS = NO;
				"CODE_SIGN_IDENTITY[sdk=iphoneos*]" = "";
				FRAMEWORK_SEARCH_PATHS = (
					"$(inherited)",
					"$(PLATFORM_DIR)/Developer/Library/Frameworks",
				);
				GCC_GENERATE_TEST_COVERAGE_FILES = NO;
				GCC_INSTRUMENT_PROGRAM_FLOW_ARCS = YES;
				GCC_PRECOMPILE_PREFIX_HEADER = YES;
				GCC_PREFIX_HEADER = "LogicTests/LogicTests-Prefix.pch";
				HEADER_SEARCH_PATHS = "$(inherited)/**";
				INFOPLIST_FILE = "LogicTests/LogicTests-Info.plist";
				IPHONEOS_DEPLOYMENT_TARGET = 7.0;
				LD_RUNPATH_SEARCH_PATHS = "$(inherited)";
				LIBRARY_SEARCH_PATHS = (
					"$(inherited)",
					"$(PROJECT_DIR)/Pods/build/Debug-iphoneos",
				);
				OTHER_LDFLAGS = "$(inherited)";
				PRODUCT_BUNDLE_IDENTIFIER = "com.mutualmobile.${PRODUCT_NAME:rfc1034identifier}";
				PRODUCT_NAME = "$(TARGET_NAME)";
				TEST_HOST = "$(BUILT_PRODUCTS_DIR)/MMProgressHUDDemo.app/MMProgressHUDDemo";
				VALID_ARCHS = "$(ARCHS_STANDARD)";
			};
			name = Release;
		};
/* End XCBuildConfiguration section */

/* Begin XCConfigurationList section */
		46A19B2C155492E000D65BB8 /* Build configuration list for PBXProject "MMProgressHUDDemo" */ = {
			isa = XCConfigurationList;
			buildConfigurations = (
				46A19B51155492E000D65BB8 /* Debug */,
				46A19B52155492E000D65BB8 /* Release */,
			);
			defaultConfigurationIsVisible = 0;
			defaultConfigurationName = Release;
		};
		46A19B53155492E000D65BB8 /* Build configuration list for PBXNativeTarget "MMProgressHUDDemo" */ = {
			isa = XCConfigurationList;
			buildConfigurations = (
				46A19B54155492E000D65BB8 /* Debug */,
				46A19B55155492E000D65BB8 /* Release */,
			);
			defaultConfigurationIsVisible = 0;
			defaultConfigurationName = Release;
		};
		69DA08D9158261EE000DC29E /* Build configuration list for PBXNativeTarget "LogicTests" */ = {
			isa = XCConfigurationList;
			buildConfigurations = (
				69DA08D7158261EE000DC29E /* Debug */,
				69DA08D8158261EE000DC29E /* Release */,
			);
			defaultConfigurationIsVisible = 0;
			defaultConfigurationName = Release;
		};
/* End XCConfigurationList section */
	};
	rootObject = 46A19B29155492E000D65BB8 /* Project object */;
}
